{
  "pins" : [
    {
      "identity" : "pagecontainer",
      "kind" : "remoteSourceControl",
      "location" : "https://github.com/sboko83/PageContainer",
      "state" : {
        "branch" : "main",
        "revision" : "042112e3969010d6a80c5e944611a71b86cbfad1"
      }
    }
  ],
  "version" : 2
}
