{
  "pins" : [
    {
      "identity" : "pagecontainer",
      "kind" : "remoteSourceControl",
      "location" : "https://github.com/sboko83/PageContainer",
      "state" : {
        "branch" : "main",
        "revision" : "d86f27bfa14133c1541022b4f7f828529bec4855"
      }
    }
  ],
  "version" : 2
}
